
Microsoft Visual Studio Solution File, Format Version 12.00
# Visual Studio Version 16
VisualStudioVersion = 16.0.30309.148
MinimumVisualStudioVersion = 10.0.40219.1
Project("{FAE04EC0-301F-11D3-BF4B-00C04F79EFBC}") = "Variables_MoshYouTubeVideo", "Variables_MoshYouTubeVideo\Variables_MoshYouTubeVideo.csproj", "{A61F054D-5573-4C7C-B9FE-42077E58BC3B}"
EndProject
Global
	GlobalSection(SolutionConfigurationPlatforms) = preSolution
		Debug|Any CPU = Debug|Any CPU
		Release|Any CPU = Release|Any CPU
	EndGlobalSection
	GlobalSection(ProjectConfigurationPlatforms) = postSolution
		{A61F054D-5573-4C7C-B9FE-42077E58BC3B}.Debug|Any CPU.ActiveCfg = Debug|Any CPU
		{A61F054D-5573-4C7C-B9FE-42077E58BC3B}.Debug|Any CPU.Build.0 = Debug|Any CPU
		{A61F054D-5573-4C7C-B9FE-42077E58BC3B}.Release|Any CPU.ActiveCfg = Release|Any CPU
		{A61F054D-5573-4C7C-B9FE-42077E58BC3B}.Release|Any CPU.Build.0 = Release|Any CPU
	EndGlobalSection
	GlobalSection(SolutionProperties) = preSolution
		HideSolutionNode = FALSE
	EndGlobalSection
	GlobalSection(ExtensibilityGlobals) = postSolution
		SolutionGuid = {55A2A5D2-03CE-4794-BF1C-CBD85BD32508}
	EndGlobalSection
EndGlobal
